
Microsoft Visual Studio Solution File, Format Version 12.00
# Visual Studio Version 17
VisualStudioVersion = 17.6.33815.320
MinimumVisualStudioVersion = 10.0.40219.1
Project("{9A19103F-16F7-4668-BE54-9A1E7A4F7556}") = "2235_Add_Two_Integers", "2235_Add_Two_Integers\2235_Add_Two_Integers.csproj", "{F9FFCA74-57BC-4B7D-B839-45F97E2BF07A}"
EndProject
Project("{9A19103F-16F7-4668-BE54-9A1E7A4F7556}") = "2427_Number_of_Common_Factors", "2427_Number_of_Common_Factors\2427_Number_of_Common_Factors.csproj", "{499481B5-2B30-4648-B38A-486809DC545E}"
EndProject
Project("{9A19103F-16F7-4668-BE54-9A1E7A4F7556}") = "771_Jewels_and_Stones", "771_Jewels_and_Stones\771_Jewels_and_Stones.csproj", "{8A5ACBB3-E05F-4B6E-9916-9B84A353D903}"
EndProject
Project("{9A19103F-16F7-4668-BE54-9A1E7A4F7556}") = "1929_Concatenation_of_Array", "1929_Concatenation_of_Array\1929_Concatenation_of_Array.csproj", "{038918F8-9F0E-4655-B570-8525CF28B906}"
EndProject
Project("{9A19103F-16F7-4668-BE54-9A1E7A4F7556}") = "1920_Build_Array_from_Permutation", "1920_Build_Array_from_Permutation\1920_Build_Array_from_Permutation.csproj", "{4AA95DF5-B488-4D68-96AB-B33D9BCF0F7F}"
EndProject
Project("{9A19103F-16F7-4668-BE54-9A1E7A4F7556}") = "2469_Convert_the_Temperature", "2469_Convert_the_Temperature\2469_Convert_the_Temperature.csproj", "{EA36F428-F59A-4557-9FFA-37D8DA37751B}"
EndProject
Project("{9A19103F-16F7-4668-BE54-9A1E7A4F7556}") = "1108_Defanging_an_IP_Address", "1108_Defanging_an_IP_Address\1108_Defanging_an_IP_Address.csproj", "{E05EC218-CC7A-479A-A7E1-90910A620209}"
EndProject
Project("{9A19103F-16F7-4668-BE54-9A1E7A4F7556}") = "1470_Shuffle_the_Array", "1470_Shuffle_the_Array\1470_Shuffle_the_Array.csproj", "{972A8F91-F5DE-4FED-AFFA-F744780A518A}"
EndProject
Project("{9A19103F-16F7-4668-BE54-9A1E7A4F7556}") = "2413_Smallest_Even_Multiple", "2413_Smallest_Even_Multiple\2413_Smallest_Even_Multiple.csproj", "{9E511328-75A8-46BB-B198-2D04E276D699}"
EndProject
Project("{9A19103F-16F7-4668-BE54-9A1E7A4F7556}") = "1_Two_Sum", "1_Two_Sum\1_Two_Sum.csproj", "{0ECAF749-BFF5-4A11-B558-8E803990175A}"
EndProject
Project("{9A19103F-16F7-4668-BE54-9A1E7A4F7556}") = "2011_Final_Value_of_Variable_After_Performing_Operations", "2011_Final_Value_of_Variable_After_Performing_Operations\2011_Final_Value_of_Variable_After_Performing_Operations.csproj", "{9CFE8A8A-AB56-41C6-8432-7041AADAC980}"
EndProject
Project("{FAE04EC0-301F-11D3-BF4B-00C04F79EFBC}") = "1480_Running_Sum_of_1d_Array", "1480_Running_Sum_of_1d_Array\1480_Running_Sum_of_1d_Array.csproj", "{30A02E44-5783-4754-B8DD-764494A94404}"
EndProject
Project("{FAE04EC0-301F-11D3-BF4B-00C04F79EFBC}") = "1491_Average_Salary_Excluding_the_Minimum_and_Maximum_Salary", "1491_Average_Salary_Excluding_the_Minimum_and_Maximum_Salary\1491_Average_Salary_Excluding_the_Minimum_and_Maximum_Salary.csproj", "{89F5C6E8-058C-4C49-BDC8-051199B90553}"
EndProject
Project("{FAE04EC0-301F-11D3-BF4B-00C04F79EFBC}") = "1512_Number_of_Good_Pairs", "1512_Number_of_Good_Pairs\1512_Number_of_Good_Pairs.csproj", "{B7F84DC6-6C66-4FBC-A6EA-10DDA35E8FBC}"
EndProject
Global
	GlobalSection(SolutionConfigurationPlatforms) = preSolution
		Debug|Any CPU = Debug|Any CPU
		Debug|x64 = Debug|x64
		Debug|x86 = Debug|x86
		Release|Any CPU = Release|Any CPU
		Release|x64 = Release|x64
		Release|x86 = Release|x86
	EndGlobalSection
	GlobalSection(ProjectConfigurationPlatforms) = postSolution
		{F9FFCA74-57BC-4B7D-B839-45F97E2BF07A}.Debug|Any CPU.ActiveCfg = Debug|Any CPU
		{F9FFCA74-57BC-4B7D-B839-45F97E2BF07A}.Debug|Any CPU.Build.0 = Debug|Any CPU
		{F9FFCA74-57BC-4B7D-B839-45F97E2BF07A}.Debug|x64.ActiveCfg = Debug|Any CPU
		{F9FFCA74-57BC-4B7D-B839-45F97E2BF07A}.Debug|x64.Build.0 = Debug|Any CPU
		{F9FFCA74-57BC-4B7D-B839-45F97E2BF07A}.Debug|x86.ActiveCfg = Debug|Any CPU
		{F9FFCA74-57BC-4B7D-B839-45F97E2BF07A}.Debug|x86.Build.0 = Debug|Any CPU
		{F9FFCA74-57BC-4B7D-B839-45F97E2BF07A}.Release|Any CPU.ActiveCfg = Release|Any CPU
		{F9FFCA74-57BC-4B7D-B839-45F97E2BF07A}.Release|Any CPU.Build.0 = Release|Any CPU
		{F9FFCA74-57BC-4B7D-B839-45F97E2BF07A}.Release|x64.ActiveCfg = Release|Any CPU
		{F9FFCA74-57BC-4B7D-B839-45F97E2BF07A}.Release|x64.Build.0 = Release|Any CPU
		{F9FFCA74-57BC-4B7D-B839-45F97E2BF07A}.Release|x86.ActiveCfg = Release|Any CPU
		{F9FFCA74-57BC-4B7D-B839-45F97E2BF07A}.Release|x86.Build.0 = Release|Any CPU
		{499481B5-2B30-4648-B38A-486809DC545E}.Debug|Any CPU.ActiveCfg = Debug|Any CPU
		{499481B5-2B30-4648-B38A-486809DC545E}.Debug|Any CPU.Build.0 = Debug|Any CPU
		{499481B5-2B30-4648-B38A-486809DC545E}.Debug|x64.ActiveCfg = Debug|Any CPU
		{499481B5-2B30-4648-B38A-486809DC545E}.Debug|x64.Build.0 = Debug|Any CPU
		{499481B5-2B30-4648-B38A-486809DC545E}.Debug|x86.ActiveCfg = Debug|Any CPU
		{499481B5-2B30-4648-B38A-486809DC545E}.Debug|x86.Build.0 = Debug|Any CPU
		{499481B5-2B30-4648-B38A-486809DC545E}.Release|Any CPU.ActiveCfg = Release|Any CPU
		{499481B5-2B30-4648-B38A-486809DC545E}.Release|Any CPU.Build.0 = Release|Any CPU
		{499481B5-2B30-4648-B38A-486809DC545E}.Release|x64.ActiveCfg = Release|Any CPU
		{499481B5-2B30-4648-B38A-486809DC545E}.Release|x64.Build.0 = Release|Any CPU
		{499481B5-2B30-4648-B38A-486809DC545E}.Release|x86.ActiveCfg = Release|Any CPU
		{499481B5-2B30-4648-B38A-486809DC545E}.Release|x86.Build.0 = Release|Any CPU
		{8A5ACBB3-E05F-4B6E-9916-9B84A353D903}.Debug|Any CPU.ActiveCfg = Debug|Any CPU
		{8A5ACBB3-E05F-4B6E-9916-9B84A353D903}.Debug|Any CPU.Build.0 = Debug|Any CPU
		{8A5ACBB3-E05F-4B6E-9916-9B84A353D903}.Debug|x64.ActiveCfg = Debug|Any CPU
		{8A5ACBB3-E05F-4B6E-9916-9B84A353D903}.Debug|x64.Build.0 = Debug|Any CPU
		{8A5ACBB3-E05F-4B6E-9916-9B84A353D903}.Debug|x86.ActiveCfg = Debug|Any CPU
		{8A5ACBB3-E05F-4B6E-9916-9B84A353D903}.Debug|x86.Build.0 = Debug|Any CPU
		{8A5ACBB3-E05F-4B6E-9916-9B84A353D903}.Release|Any CPU.ActiveCfg = Release|Any CPU
		{8A5ACBB3-E05F-4B6E-9916-9B84A353D903}.Release|Any CPU.Build.0 = Release|Any CPU
		{8A5ACBB3-E05F-4B6E-9916-9B84A353D903}.Release|x64.ActiveCfg = Release|Any CPU
		{8A5ACBB3-E05F-4B6E-9916-9B84A353D903}.Release|x64.Build.0 = Release|Any CPU
		{8A5ACBB3-E05F-4B6E-9916-9B84A353D903}.Release|x86.ActiveCfg = Release|Any CPU
		{8A5ACBB3-E05F-4B6E-9916-9B84A353D903}.Release|x86.Build.0 = Release|Any CPU
		{038918F8-9F0E-4655-B570-8525CF28B906}.Debug|Any CPU.ActiveCfg = Debug|Any CPU
		{038918F8-9F0E-4655-B570-8525CF28B906}.Debug|Any CPU.Build.0 = Debug|Any CPU
		{038918F8-9F0E-4655-B570-8525CF28B906}.Debug|x64.ActiveCfg = Debug|Any CPU
		{038918F8-9F0E-4655-B570-8525CF28B906}.Debug|x64.Build.0 = Debug|Any CPU
		{038918F8-9F0E-4655-B570-8525CF28B906}.Debug|x86.ActiveCfg = Debug|Any CPU
		{038918F8-9F0E-4655-B570-8525CF28B906}.Debug|x86.Build.0 = Debug|Any CPU
		{038918F8-9F0E-4655-B570-8525CF28B906}.Release|Any CPU.ActiveCfg = Release|Any CPU
		{038918F8-9F0E-4655-B570-8525CF28B906}.Release|Any CPU.Build.0 = Release|Any CPU
		{038918F8-9F0E-4655-B570-8525CF28B906}.Release|x64.ActiveCfg = Release|Any CPU
		{038918F8-9F0E-4655-B570-8525CF28B906}.Release|x64.Build.0 = Release|Any CPU
		{038918F8-9F0E-4655-B570-8525CF28B906}.Release|x86.ActiveCfg = Release|Any CPU
		{038918F8-9F0E-4655-B570-8525CF28B906}.Release|x86.Build.0 = Release|Any CPU
		{4AA95DF5-B488-4D68-96AB-B33D9BCF0F7F}.Debug|Any CPU.ActiveCfg = Debug|Any CPU
		{4AA95DF5-B488-4D68-96AB-B33D9BCF0F7F}.Debug|Any CPU.Build.0 = Debug|Any CPU
		{4AA95DF5-B488-4D68-96AB-B33D9BCF0F7F}.Debug|x64.ActiveCfg = Debug|Any CPU
		{4AA95DF5-B488-4D68-96AB-B33D9BCF0F7F}.Debug|x64.Build.0 = Debug|Any CPU
		{4AA95DF5-B488-4D68-96AB-B33D9BCF0F7F}.Debug|x86.ActiveCfg = Debug|Any CPU
		{4AA95DF5-B488-4D68-96AB-B33D9BCF0F7F}.Debug|x86.Build.0 = Debug|Any CPU
		{4AA95DF5-B488-4D68-96AB-B33D9BCF0F7F}.Release|Any CPU.ActiveCfg = Release|Any CPU
		{4AA95DF5-B488-4D68-96AB-B33D9BCF0F7F}.Release|Any CPU.Build.0 = Release|Any CPU
		{4AA95DF5-B488-4D68-96AB-B33D9BCF0F7F}.Release|x64.ActiveCfg = Release|Any CPU
		{4AA95DF5-B488-4D68-96AB-B33D9BCF0F7F}.Release|x64.Build.0 = Release|Any CPU
		{4AA95DF5-B488-4D68-96AB-B33D9BCF0F7F}.Release|x86.ActiveCfg = Release|Any CPU
		{4AA95DF5-B488-4D68-96AB-B33D9BCF0F7F}.Release|x86.Build.0 = Release|Any CPU
		{EA36F428-F59A-4557-9FFA-37D8DA37751B}.Debug|Any CPU.ActiveCfg = Debug|Any CPU
		{EA36F428-F59A-4557-9FFA-37D8DA37751B}.Debug|Any CPU.Build.0 = Debug|Any CPU
		{EA36F428-F59A-4557-9FFA-37D8DA37751B}.Debug|x64.ActiveCfg = Debug|Any CPU
		{EA36F428-F59A-4557-9FFA-37D8DA37751B}.Debug|x64.Build.0 = Debug|Any CPU
		{EA36F428-F59A-4557-9FFA-37D8DA37751B}.Debug|x86.ActiveCfg = Debug|Any CPU
		{EA36F428-F59A-4557-9FFA-37D8DA37751B}.Debug|x86.Build.0 = Debug|Any CPU
		{EA36F428-F59A-4557-9FFA-37D8DA37751B}.Release|Any CPU.ActiveCfg = Release|Any CPU
		{EA36F428-F59A-4557-9FFA-37D8DA37751B}.Release|Any CPU.Build.0 = Release|Any CPU
		{EA36F428-F59A-4557-9FFA-37D8DA37751B}.Release|x64.ActiveCfg = Release|Any CPU
		{EA36F428-F59A-4557-9FFA-37D8DA37751B}.Release|x64.Build.0 = Release|Any CPU
		{EA36F428-F59A-4557-9FFA-37D8DA37751B}.Release|x86.ActiveCfg = Release|Any CPU
		{EA36F428-F59A-4557-9FFA-37D8DA37751B}.Release|x86.Build.0 = Release|Any CPU
		{E05EC218-CC7A-479A-A7E1-90910A620209}.Debug|Any CPU.ActiveCfg = Debug|Any CPU
		{E05EC218-CC7A-479A-A7E1-90910A620209}.Debug|Any CPU.Build.0 = Debug|Any CPU
		{E05EC218-CC7A-479A-A7E1-90910A620209}.Debug|x64.ActiveCfg = Debug|Any CPU
		{E05EC218-CC7A-479A-A7E1-90910A620209}.Debug|x64.Build.0 = Debug|Any CPU
		{E05EC218-CC7A-479A-A7E1-90910A620209}.Debug|x86.ActiveCfg = Debug|Any CPU
		{E05EC218-CC7A-479A-A7E1-90910A620209}.Debug|x86.Build.0 = Debug|Any CPU
		{E05EC218-CC7A-479A-A7E1-90910A620209}.Release|Any CPU.ActiveCfg = Release|Any CPU
		{E05EC218-CC7A-479A-A7E1-90910A620209}.Release|Any CPU.Build.0 = Release|Any CPU
		{E05EC218-CC7A-479A-A7E1-90910A620209}.Release|x64.ActiveCfg = Release|Any CPU
		{E05EC218-CC7A-479A-A7E1-90910A620209}.Release|x64.Build.0 = Release|Any CPU
		{E05EC218-CC7A-479A-A7E1-90910A620209}.Release|x86.ActiveCfg = Release|Any CPU
		{E05EC218-CC7A-479A-A7E1-90910A620209}.Release|x86.Build.0 = Release|Any CPU
		{972A8F91-F5DE-4FED-AFFA-F744780A518A}.Debug|Any CPU.ActiveCfg = Debug|Any CPU
		{972A8F91-F5DE-4FED-AFFA-F744780A518A}.Debug|Any CPU.Build.0 = Debug|Any CPU
		{972A8F91-F5DE-4FED-AFFA-F744780A518A}.Debug|x64.ActiveCfg = Debug|Any CPU
		{972A8F91-F5DE-4FED-AFFA-F744780A518A}.Debug|x64.Build.0 = Debug|Any CPU
		{972A8F91-F5DE-4FED-AFFA-F744780A518A}.Debug|x86.ActiveCfg = Debug|Any CPU
		{972A8F91-F5DE-4FED-AFFA-F744780A518A}.Debug|x86.Build.0 = Debug|Any CPU
		{972A8F91-F5DE-4FED-AFFA-F744780A518A}.Release|Any CPU.ActiveCfg = Release|Any CPU
		{972A8F91-F5DE-4FED-AFFA-F744780A518A}.Release|Any CPU.Build.0 = Release|Any CPU
		{972A8F91-F5DE-4FED-AFFA-F744780A518A}.Release|x64.ActiveCfg = Release|Any CPU
		{972A8F91-F5DE-4FED-AFFA-F744780A518A}.Release|x64.Build.0 = Release|Any CPU
		{972A8F91-F5DE-4FED-AFFA-F744780A518A}.Release|x86.ActiveCfg = Release|Any CPU
		{972A8F91-F5DE-4FED-AFFA-F744780A518A}.Release|x86.Build.0 = Release|Any CPU
		{9E511328-75A8-46BB-B198-2D04E276D699}.Debug|Any CPU.ActiveCfg = Debug|Any CPU
		{9E511328-75A8-46BB-B198-2D04E276D699}.Debug|Any CPU.Build.0 = Debug|Any CPU
		{9E511328-75A8-46BB-B198-2D04E276D699}.Debug|x64.ActiveCfg = Debug|Any CPU
		{9E511328-75A8-46BB-B198-2D04E276D699}.Debug|x64.Build.0 = Debug|Any CPU
		{9E511328-75A8-46BB-B198-2D04E276D699}.Debug|x86.ActiveCfg = Debug|Any CPU
		{9E511328-75A8-46BB-B198-2D04E276D699}.Debug|x86.Build.0 = Debug|Any CPU
		{9E511328-75A8-46BB-B198-2D04E276D699}.Release|Any CPU.ActiveCfg = Release|Any CPU
		{9E511328-75A8-46BB-B198-2D04E276D699}.Release|Any CPU.Build.0 = Release|Any CPU
		{9E511328-75A8-46BB-B198-2D04E276D699}.Release|x64.ActiveCfg = Release|Any CPU
		{9E511328-75A8-46BB-B198-2D04E276D699}.Release|x64.Build.0 = Release|Any CPU
		{9E511328-75A8-46BB-B198-2D04E276D699}.Release|x86.ActiveCfg = Release|Any CPU
		{9E511328-75A8-46BB-B198-2D04E276D699}.Release|x86.Build.0 = Release|Any CPU
		{0ECAF749-BFF5-4A11-B558-8E803990175A}.Debug|Any CPU.ActiveCfg = Debug|Any CPU
		{0ECAF749-BFF5-4A11-B558-8E803990175A}.Debug|Any CPU.Build.0 = Debug|Any CPU
		{0ECAF749-BFF5-4A11-B558-8E803990175A}.Debug|x64.ActiveCfg = Debug|Any CPU
		{0ECAF749-BFF5-4A11-B558-8E803990175A}.Debug|x64.Build.0 = Debug|Any CPU
		{0ECAF749-BFF5-4A11-B558-8E803990175A}.Debug|x86.ActiveCfg = Debug|Any CPU
		{0ECAF749-BFF5-4A11-B558-8E803990175A}.Debug|x86.Build.0 = Debug|Any CPU
		{0ECAF749-BFF5-4A11-B558-8E803990175A}.Release|Any CPU.ActiveCfg = Release|Any CPU
		{0ECAF749-BFF5-4A11-B558-8E803990175A}.Release|Any CPU.Build.0 = Release|Any CPU
		{0ECAF749-BFF5-4A11-B558-8E803990175A}.Release|x64.ActiveCfg = Release|Any CPU
		{0ECAF749-BFF5-4A11-B558-8E803990175A}.Release|x64.Build.0 = Release|Any CPU
		{0ECAF749-BFF5-4A11-B558-8E803990175A}.Release|x86.ActiveCfg = Release|Any CPU
		{0ECAF749-BFF5-4A11-B558-8E803990175A}.Release|x86.Build.0 = Release|Any CPU
		{9CFE8A8A-AB56-41C6-8432-7041AADAC980}.Debug|Any CPU.ActiveCfg = Debug|Any CPU
		{9CFE8A8A-AB56-41C6-8432-7041AADAC980}.Debug|Any CPU.Build.0 = Debug|Any CPU
		{9CFE8A8A-AB56-41C6-8432-7041AADAC980}.Debug|x64.ActiveCfg = Debug|Any CPU
		{9CFE8A8A-AB56-41C6-8432-7041AADAC980}.Debug|x64.Build.0 = Debug|Any CPU
		{9CFE8A8A-AB56-41C6-8432-7041AADAC980}.Debug|x86.ActiveCfg = Debug|Any CPU
		{9CFE8A8A-AB56-41C6-8432-7041AADAC980}.Debug|x86.Build.0 = Debug|Any CPU
		{9CFE8A8A-AB56-41C6-8432-7041AADAC980}.Release|Any CPU.ActiveCfg = Release|Any CPU
		{9CFE8A8A-AB56-41C6-8432-7041AADAC980}.Release|Any CPU.Build.0 = Release|Any CPU
		{9CFE8A8A-AB56-41C6-8432-7041AADAC980}.Release|x64.ActiveCfg = Release|Any CPU
		{9CFE8A8A-AB56-41C6-8432-7041AADAC980}.Release|x64.Build.0 = Release|Any CPU
		{9CFE8A8A-AB56-41C6-8432-7041AADAC980}.Release|x86.ActiveCfg = Release|Any CPU
		{9CFE8A8A-AB56-41C6-8432-7041AADAC980}.Release|x86.Build.0 = Release|Any CPU
		{30A02E44-5783-4754-B8DD-764494A94404}.Debug|Any CPU.ActiveCfg = Debug|Any CPU
		{30A02E44-5783-4754-B8DD-764494A94404}.Debug|Any CPU.Build.0 = Debug|Any CPU
		{30A02E44-5783-4754-B8DD-764494A94404}.Debug|x64.ActiveCfg = Debug|Any CPU
		{30A02E44-5783-4754-B8DD-764494A94404}.Debug|x64.Build.0 = Debug|Any CPU
		{30A02E44-5783-4754-B8DD-764494A94404}.Debug|x86.ActiveCfg = Debug|Any CPU
		{30A02E44-5783-4754-B8DD-764494A94404}.Debug|x86.Build.0 = Debug|Any CPU
		{30A02E44-5783-4754-B8DD-764494A94404}.Release|Any CPU.ActiveCfg = Release|Any CPU
		{30A02E44-5783-4754-B8DD-764494A94404}.Release|Any CPU.Build.0 = Release|Any CPU
		{30A02E44-5783-4754-B8DD-764494A94404}.Release|x64.ActiveCfg = Release|Any CPU
		{30A02E44-5783-4754-B8DD-764494A94404}.Release|x64.Build.0 = Release|Any CPU
		{30A02E44-5783-4754-B8DD-764494A94404}.Release|x86.ActiveCfg = Release|Any CPU
		{30A02E44-5783-4754-B8DD-764494A94404}.Release|x86.Build.0 = Release|Any CPU
		{89F5C6E8-058C-4C49-BDC8-051199B90553}.Debug|Any CPU.ActiveCfg = Debug|Any CPU
		{89F5C6E8-058C-4C49-BDC8-051199B90553}.Debug|Any CPU.Build.0 = Debug|Any CPU
		{89F5C6E8-058C-4C49-BDC8-051199B90553}.Debug|x64.ActiveCfg = Debug|Any CPU
		{89F5C6E8-058C-4C49-BDC8-051199B90553}.Debug|x64.Build.0 = Debug|Any CPU
		{89F5C6E8-058C-4C49-BDC8-051199B90553}.Debug|x86.ActiveCfg = Debug|Any CPU
		{89F5C6E8-058C-4C49-BDC8-051199B90553}.Debug|x86.Build.0 = Debug|Any CPU
		{89F5C6E8-058C-4C49-BDC8-051199B90553}.Release|Any CPU.ActiveCfg = Release|Any CPU
		{89F5C6E8-058C-4C49-BDC8-051199B90553}.Release|Any CPU.Build.0 = Release|Any CPU
		{89F5C6E8-058C-4C49-BDC8-051199B90553}.Release|x64.ActiveCfg = Release|Any CPU
		{89F5C6E8-058C-4C49-BDC8-051199B90553}.Release|x64.Build.0 = Release|Any CPU
		{89F5C6E8-058C-4C49-BDC8-051199B90553}.Release|x86.ActiveCfg = Release|Any CPU
		{89F5C6E8-058C-4C49-BDC8-051199B90553}.Release|x86.Build.0 = Release|Any CPU
		{B7F84DC6-6C66-4FBC-A6EA-10DDA35E8FBC}.Debug|Any CPU.ActiveCfg = Debug|Any CPU
		{B7F84DC6-6C66-4FBC-A6EA-10DDA35E8FBC}.Debug|Any CPU.Build.0 = Debug|Any CPU
		{B7F84DC6-6C66-4FBC-A6EA-10DDA35E8FBC}.Debug|x64.ActiveCfg = Debug|Any CPU
		{B7F84DC6-6C66-4FBC-A6EA-10DDA35E8FBC}.Debug|x64.Build.0 = Debug|Any CPU
		{B7F84DC6-6C66-4FBC-A6EA-10DDA35E8FBC}.Debug|x86.ActiveCfg = Debug|Any CPU
		{B7F84DC6-6C66-4FBC-A6EA-10DDA35E8FBC}.Debug|x86.Build.0 = Debug|Any CPU
		{B7F84DC6-6C66-4FBC-A6EA-10DDA35E8FBC}.Release|Any CPU.ActiveCfg = Release|Any CPU
		{B7F84DC6-6C66-4FBC-A6EA-10DDA35E8FBC}.Release|Any CPU.Build.0 = Release|Any CPU
		{B7F84DC6-6C66-4FBC-A6EA-10DDA35E8FBC}.Release|x64.ActiveCfg = Release|Any CPU
		{B7F84DC6-6C66-4FBC-A6EA-10DDA35E8FBC}.Release|x64.Build.0 = Release|Any CPU
		{B7F84DC6-6C66-4FBC-A6EA-10DDA35E8FBC}.Release|x86.ActiveCfg = Release|Any CPU
		{B7F84DC6-6C66-4FBC-A6EA-10DDA35E8FBC}.Release|x86.Build.0 = Release|Any CPU
	EndGlobalSection
	GlobalSection(SolutionProperties) = preSolution
		HideSolutionNode = FALSE
	EndGlobalSection
	GlobalSection(ExtensibilityGlobals) = postSolution
		SolutionGuid = {C4373720-BD58-40C6-8C2C-8D52C36C33F9}
	EndGlobalSection
EndGlobal
